
Microsoft Visual Studio Solution File, Format Version 12.00
# Visual Studio Version 16
VisualStudioVersion = 16.0.30204.135
MinimumVisualStudioVersion = 10.0.40219.1
Project("{FAE04EC0-301F-11D3-BF4B-00C04F79EFBC}") = "AddFieldToList", "AddFieldToList\AddFieldToList.csproj", "{EE293E90-0C6B-4E43-9DAD-4FAB13C12465}"
EndProject
Global
	GlobalSection(SolutionConfigurationPlatforms) = preSolution
		Debug|Any CPU = Debug|Any CPU
		Release|Any CPU = Release|Any CPU
	EndGlobalSection
	GlobalSection(ProjectConfigurationPlatforms) = postSolution
		{EE293E90-0C6B-4E43-9DAD-4FAB13C12465}.Debug|Any CPU.ActiveCfg = Debug|Any CPU
		{EE293E90-0C6B-4E43-9DAD-4FAB13C12465}.Debug|Any CPU.Build.0 = Debug|Any CPU
		{EE293E90-0C6B-4E43-9DAD-4FAB13C12465}.Release|Any CPU.ActiveCfg = Release|Any CPU
		{EE293E90-0C6B-4E43-9DAD-4FAB13C12465}.Release|Any CPU.Build.0 = Release|Any CPU
	EndGlobalSection
	GlobalSection(SolutionProperties) = preSolution
		HideSolutionNode = FALSE
	EndGlobalSection
	GlobalSection(ExtensibilityGlobals) = postSolution
		SolutionGuid = {1D68775A-8F3A-4AC4-8C91-A6F4158C659C}
	EndGlobalSection
EndGlobal
