
Microsoft Visual Studio Solution File, Format Version 12.00
# Visual Studio Version 16
VisualStudioVersion = 16.0.29424.173
MinimumVisualStudioVersion = 10.0.40219.1
Project("{FAE04EC0-301F-11D3-BF4B-00C04F79EFBC}") = "RetentionLabelRemover", "RetentionLabelRemover\RetentionLabelRemover.csproj", "{AEB7732C-0C99-438A-8BC6-B429C540022A}"
EndProject
Global
	GlobalSection(SolutionConfigurationPlatforms) = preSolution
		Debug|Any CPU = Debug|Any CPU
		Release|Any CPU = Release|Any CPU
	EndGlobalSection
	GlobalSection(ProjectConfigurationPlatforms) = postSolution
		{AEB7732C-0C99-438A-8BC6-B429C540022A}.Debug|Any CPU.ActiveCfg = Debug|Any CPU
		{AEB7732C-0C99-438A-8BC6-B429C540022A}.Debug|Any CPU.Build.0 = Debug|Any CPU
		{AEB7732C-0C99-438A-8BC6-B429C540022A}.Release|Any CPU.ActiveCfg = Release|Any CPU
		{AEB7732C-0C99-438A-8BC6-B429C540022A}.Release|Any CPU.Build.0 = Release|Any CPU
	EndGlobalSection
	GlobalSection(SolutionProperties) = preSolution
		HideSolutionNode = FALSE
	EndGlobalSection
	GlobalSection(ExtensibilityGlobals) = postSolution
		SolutionGuid = {52593EB8-68DD-4486-9DAD-0082BB789DDA}
	EndGlobalSection
EndGlobal
