
Microsoft Visual Studio Solution File, Format Version 12.00
# Visual Studio Version 16
VisualStudioVersion = 16.0.30204.135
MinimumVisualStudioVersion = 10.0.40219.1
Project("{FAE04EC0-301F-11D3-BF4B-00C04F79EFBC}") = "TenantAppCatalogChange", "TenantAppCatalogChange\TenantAppCatalogChange.csproj", "{9EE12E47-89E0-4081-B47C-8CD3D11B8D62}"
EndProject
Global
	GlobalSection(SolutionConfigurationPlatforms) = preSolution
		Debug|Any CPU = Debug|Any CPU
		Release|Any CPU = Release|Any CPU
	EndGlobalSection
	GlobalSection(ProjectConfigurationPlatforms) = postSolution
		{9EE12E47-89E0-4081-B47C-8CD3D11B8D62}.Debug|Any CPU.ActiveCfg = Debug|Any CPU
		{9EE12E47-89E0-4081-B47C-8CD3D11B8D62}.Debug|Any CPU.Build.0 = Debug|Any CPU
		{9EE12E47-89E0-4081-B47C-8CD3D11B8D62}.Release|Any CPU.ActiveCfg = Release|Any CPU
		{9EE12E47-89E0-4081-B47C-8CD3D11B8D62}.Release|Any CPU.Build.0 = Release|Any CPU
	EndGlobalSection
	GlobalSection(SolutionProperties) = preSolution
		HideSolutionNode = FALSE
	EndGlobalSection
	GlobalSection(ExtensibilityGlobals) = postSolution
		SolutionGuid = {4E4D7CB3-E9CF-4948-804D-F8DE64811599}
	EndGlobalSection
EndGlobal
